
Microsoft Visual Studio Solution File, Format Version 12.00
# Visual Studio 15
VisualStudioVersion = 15.0.28307.1300
MinimumVisualStudioVersion = 10.0.40219.1
Project("{FAE04EC0-301F-11D3-BF4B-00C04F79EFBC}") = "MarsRoverMission", "MarsRoverMission\MarsRoverMission.csproj", "{9891292D-AB30-4897-ACD1-092299D57A0E}"
EndProject
Global
	GlobalSection(SolutionConfigurationPlatforms) = preSolution
		Debug|Any CPU = Debug|Any CPU
		Release|Any CPU = Release|Any CPU
	EndGlobalSection
	GlobalSection(ProjectConfigurationPlatforms) = postSolution
		{9891292D-AB30-4897-ACD1-092299D57A0E}.Debug|Any CPU.ActiveCfg = Debug|Any CPU
		{9891292D-AB30-4897-ACD1-092299D57A0E}.Debug|Any CPU.Build.0 = Debug|Any CPU
		{9891292D-AB30-4897-ACD1-092299D57A0E}.Release|Any CPU.ActiveCfg = Release|Any CPU
		{9891292D-AB30-4897-ACD1-092299D57A0E}.Release|Any CPU.Build.0 = Release|Any CPU
	EndGlobalSection
	GlobalSection(SolutionProperties) = preSolution
		HideSolutionNode = FALSE
	EndGlobalSection
	GlobalSection(ExtensibilityGlobals) = postSolution
		SolutionGuid = {4B81EA0F-8658-4FD1-9F58-2BC2A3B6BAA2}
	EndGlobalSection
EndGlobal
